// !$*UTF8*$!
{
	archiveVersion = 1;
	classes = {
	};
	objectVersion = 55;
	objects = {

/* Begin PBXBuildFile section */
		0D5419232E158CDF0017E276 /* CategoriesViewController.swift in Sources */ = {isa = PBXBuildFile; fileRef = 0D5419212E158CDF0017E276 /* CategoriesViewController.swift */; };
		0D5419242E158CDF0017E276 /* AddCategoriesViewController.swift in Sources */ = {isa = PBXBuildFile; fileRef = 0D5419222E158CDF0017E276 /* AddCategoriesViewController.swift */; };
		0D5419262E15A81D0017E276 /* CategoryCell.swift in Sources */ = {isa = PBXBuildFile; fileRef = 0D5419252E15A81C0017E276 /* CategoryCell.swift */; };
		0D5419282E15B57C0017E276 /* CategoriesViewModel.swift in Sources */ = {isa = PBXBuildFile; fileRef = 0D5419272E15B57C0017E276 /* CategoriesViewModel.swift */; };
		0D6FEA872E1012BF00493E20 /* OnboardingViewController.swift in Sources */ = {isa = PBXBuildFile; fileRef = 0D6FEA862E1012BF00493E20 /* OnboardingViewController.swift */; };
		0D6FEA8A2E102FB800493E20 /* OnboardingPage.swift in Sources */ = {isa = PBXBuildFile; fileRef = 0D6FEA892E102FB700493E20 /* OnboardingPage.swift */; };
		0D6FEA8C2E10314B00493E20 /* OnboardingPageController.swift in Sources */ = {isa = PBXBuildFile; fileRef = 0D6FEA8B2E10314B00493E20 /* OnboardingPageController.swift */; };
		0D8920F52DEF6A63008EBD61 /* CategoryHeaderView.swift in Sources */ = {isa = PBXBuildFile; fileRef = 0D8920F42DEF6A63008EBD61 /* CategoryHeaderView.swift */; };
		0D8EFADB2DDE51FC00B3CB23 /* StatisticsViewController.swift in Sources */ = {isa = PBXBuildFile; fileRef = 0D8EFADA2DDE51FC00B3CB23 /* StatisticsViewController.swift */; };
		0D8EFAE02DDF7A4A00B3CB23 /* SnapKit in Frameworks */ = {isa = PBXBuildFile; productRef = 0D8EFADF2DDF7A4A00B3CB23 /* SnapKit */; };
		0D93BA182DFD94C90049BB05 /* TrackerDataModel.xcdatamodeld in Sources */ = {isa = PBXBuildFile; fileRef = 0D93BA162DFD94C90049BB05 /* TrackerDataModel.xcdatamodeld */; };
		0D93BA5F2E00882A0049BB05 /* TrackerStore.swift in Sources */ = {isa = PBXBuildFile; fileRef = 0D93BA5E2E00882A0049BB05 /* TrackerStore.swift */; };
		0D93BA612E0088440049BB05 /* TrackerCategoryStore.swift in Sources */ = {isa = PBXBuildFile; fileRef = 0D93BA602E0088440049BB05 /* TrackerCategoryStore.swift */; };
		0D93BA632E0088840049BB05 /* TrackerRecordStore.swift in Sources */ = {isa = PBXBuildFile; fileRef = 0D93BA622E0088840049BB05 /* TrackerRecordStore.swift */; };
		0D9C999C2DDCFF4F00DF2CF3 /* AppDelegate.swift in Sources */ = {isa = PBXBuildFile; fileRef = 0D9C999B2DDCFF4F00DF2CF3 /* AppDelegate.swift */; };
		0D9C999E2DDCFF4F00DF2CF3 /* SceneDelegate.swift in Sources */ = {isa = PBXBuildFile; fileRef = 0D9C999D2DDCFF4F00DF2CF3 /* SceneDelegate.swift */; };
		0D9C99A52DDCFF5500DF2CF3 /* Assets.xcassets in Resources */ = {isa = PBXBuildFile; fileRef = 0D9C99A42DDCFF5500DF2CF3 /* Assets.xcassets */; };
		0D9C99A82DDCFF5500DF2CF3 /* LaunchScreen.storyboard in Resources */ = {isa = PBXBuildFile; fileRef = 0D9C99A62DDCFF5500DF2CF3 /* LaunchScreen.storyboard */; };
		0D9C99B02DDE467100DF2CF3 /* Extension UIColor.swift in Sources */ = {isa = PBXBuildFile; fileRef = 0D9C99AF2DDE467100DF2CF3 /* Extension UIColor.swift */; };
		0DAF63BE2DEF845C00D1C7EA /* TrackerTypeSelectionViewController.swift in Sources */ = {isa = PBXBuildFile; fileRef = 0DAF63BD2DEF845C00D1C7EA /* TrackerTypeSelectionViewController.swift */; };
		0DAF63C02DF0A54B00D1C7EA /* CreateHabitViewController.swift in Sources */ = {isa = PBXBuildFile; fileRef = 0DAF63BF2DF0A54B00D1C7EA /* CreateHabitViewController.swift */; };
		0DAF63C22DF1E4C600D1C7EA /* ScheduleViewController.swift in Sources */ = {isa = PBXBuildFile; fileRef = 0DAF63C12DF1E4C600D1C7EA /* ScheduleViewController.swift */; };
		0DAF63C42DF359C300D1C7EA /* ScheduleViewCell.swift in Sources */ = {isa = PBXBuildFile; fileRef = 0DAF63C32DF359C300D1C7EA /* ScheduleViewCell.swift */; };
		0DAF63CC2DF4A25100D1C7EA /* CreateHabitViewCollectionCell.swift in Sources */ = {isa = PBXBuildFile; fileRef = 0DAF63CB2DF4A25100D1C7EA /* CreateHabitViewCollectionCell.swift */; };
		0DAF63CE2DF5A83100D1C7EA /* IrregularEventViewController.swift in Sources */ = {isa = PBXBuildFile; fileRef = 0DAF63CD2DF5A83100D1C7EA /* IrregularEventViewController.swift */; };
		0DBEA3872DF76A9500F18614 /* HeaderReusableView.swift in Sources */ = {isa = PBXBuildFile; fileRef = 0DBEA3862DF76A9500F18614 /* HeaderReusableView.swift */; };
		0DBEA38F2DF8AEBA00F18614 /* ColorCollectionCell.swift in Sources */ = {isa = PBXBuildFile; fileRef = 0DBEA38E2DF8AEBA00F18614 /* ColorCollectionCell.swift */; };
		0DC3FDAC2E22CC74005E3D67 /* TrackerTests.swift in Sources */ = {isa = PBXBuildFile; fileRef = 0DC3FDAB2E22CC74005E3D67 /* TrackerTests.swift */; };
		0DC3FDB42E22CDCA005E3D67 /* SnapshotTesting in Frameworks */ = {isa = PBXBuildFile; productRef = 0DC3FDB32E22CDCA005E3D67 /* SnapshotTesting */; };
		0DC3FDB62E23C05F005E3D67 /* Colors.swift in Sources */ = {isa = PBXBuildFile; fileRef = 0DC3FDB52E23C05F005E3D67 /* Colors.swift */; };
		0DC3FDB92E2562D8005E3D67 /* FilterViewController.swift in Sources */ = {isa = PBXBuildFile; fileRef = 0DC3FDB82E2562D8005E3D67 /* FilterViewController.swift */; };
		0DC3FDBB2E256667005E3D67 /* TrackerFilter.swift in Sources */ = {isa = PBXBuildFile; fileRef = 0DC3FDBA2E256666005E3D67 /* TrackerFilter.swift */; };
		0DC3FDBD2E25698C005E3D67 /* FilterCell.swift in Sources */ = {isa = PBXBuildFile; fileRef = 0DC3FDBC2E25698C005E3D67 /* FilterCell.swift */; };
		0DC3FDBE2E2586AD005E3D67 /* Localizable.strings in Resources */ = {isa = PBXBuildFile; fileRef = 0DC3FDC02E2586AD005E3D67 /* Localizable.strings */; };
		0DC3FDC42E26B3EC005E3D67 /* StatsService.swift in Sources */ = {isa = PBXBuildFile; fileRef = 0DC3FDC32E26B3EC005E3D67 /* StatsService.swift */; };
		0DC3FDC62E26B415005E3D67 /* StatItem.swift in Sources */ = {isa = PBXBuildFile; fileRef = 0DC3FDC52E26B415005E3D67 /* StatItem.swift */; };
		0DC3FDC82E26B6D2005E3D67 /* StatCell.swift in Sources */ = {isa = PBXBuildFile; fileRef = 0DC3FDC72E26B6D2005E3D67 /* StatCell.swift */; };
		0DC3FDCB2E26D03F005E3D67 /* AppMetricaLogger.swift in Sources */ = {isa = PBXBuildFile; fileRef = 0DC3FDCA2E26D03F005E3D67 /* AppMetricaLogger.swift */; };
		0DC7546F2DEC5A550009C845 /* TrackersCollectionViewCell.swift in Sources */ = {isa = PBXBuildFile; fileRef = 0DC7546E2DEC5A550009C845 /* TrackersCollectionViewCell.swift */; };
		0DECAA462E1C42D60091E45E /* Localizable.stringsdict in Resources */ = {isa = PBXBuildFile; fileRef = 0DECAA482E1C42D60091E45E /* Localizable.stringsdict */; };
		0DEF87452E05EA9400C815D2 /* TrackerCategoryCoreData+Extension.swift in Sources */ = {isa = PBXBuildFile; fileRef = 0DEF87442E05EA9400C815D2 /* TrackerCategoryCoreData+Extension.swift */; };
		0DEF87472E05EAB900C815D2 /* TrackerCoreData+Extension.swift in Sources */ = {isa = PBXBuildFile; fileRef = 0DEF87462E05EAB900C815D2 /* TrackerCoreData+Extension.swift */; };
		0DEF87492E05EB2D00C815D2 /* TrackerRecordCoreData+Extension.swift in Sources */ = {isa = PBXBuildFile; fileRef = 0DEF87482E05EB2D00C815D2 /* TrackerRecordCoreData+Extension.swift */; };
		0DEF874B2E05EBB000C815D2 /* UIColorMarshalling.swift in Sources */ = {isa = PBXBuildFile; fileRef = 0DEF874A2E05EBB000C815D2 /* UIColorMarshalling.swift */; };
		0DF51EA52DE61776001C5745 /* TrackersViewController.swift in Sources */ = {isa = PBXBuildFile; fileRef = 0DF51EA12DE61776001C5745 /* TrackersViewController.swift */; };
		0DF51EA62DE61776001C5745 /* TrackerRecord.swift in Sources */ = {isa = PBXBuildFile; fileRef = 0DF51EA22DE61776001C5745 /* TrackerRecord.swift */; };
		0DF51EA72DE61777001C5745 /* Tracker.swift in Sources */ = {isa = PBXBuildFile; fileRef = 0DF51EA32DE61776001C5745 /* Tracker.swift */; };
		0DF51EA82DE61777001C5745 /* TrackerCategory.swift in Sources */ = {isa = PBXBuildFile; fileRef = 0DF51EA42DE61776001C5745 /* TrackerCategory.swift */; };
		1F95A120D4E03AFD5FD853DB /* Pods_TrackerTests.framework in Frameworks */ = {isa = PBXBuildFile; fileRef = C374D82743AED51AA1012CC5 /* Pods_TrackerTests.framework */; };
		EE64BD6AD5706CF31892B478 /* Pods_Tracker.framework in Frameworks */ = {isa = PBXBuildFile; fileRef = 29F92CEF1DB7FD82F80EAF7D /* Pods_Tracker.framework */; };
/* End PBXBuildFile section */

/* Begin PBXContainerItemProxy section */
		0DC3FDAD2E22CC74005E3D67 /* PBXContainerItemProxy */ = {
			isa = PBXContainerItemProxy;
			containerPortal = 0D9C99902DDCFF4F00DF2CF3 /* Project object */;
			proxyType = 1;
			remoteGlobalIDString = 0D9C99972DDCFF4F00DF2CF3;
			remoteInfo = Tracker;
		};
/* End PBXContainerItemProxy section */

/* Begin PBXFileReference section */
		0D5419212E158CDF0017E276 /* CategoriesViewController.swift */ = {isa = PBXFileReference; fileEncoding = 4; lastKnownFileType = sourcecode.swift; path = CategoriesViewController.swift; sourceTree = "<group>"; };
		0D5419222E158CDF0017E276 /* AddCategoriesViewController.swift */ = {isa = PBXFileReference; fileEncoding = 4; lastKnownFileType = sourcecode.swift; path = AddCategoriesViewController.swift; sourceTree = "<group>"; };
		0D5419252E15A81C0017E276 /* CategoryCell.swift */ = {isa = PBXFileReference; lastKnownFileType = sourcecode.swift; path = CategoryCell.swift; sourceTree = "<group>"; };
		0D5419272E15B57C0017E276 /* CategoriesViewModel.swift */ = {isa = PBXFileReference; lastKnownFileType = sourcecode.swift; path = CategoriesViewModel.swift; sourceTree = "<group>"; };
		0D6FEA862E1012BF00493E20 /* OnboardingViewController.swift */ = {isa = PBXFileReference; lastKnownFileType = sourcecode.swift; path = OnboardingViewController.swift; sourceTree = "<group>"; };
		0D6FEA892E102FB700493E20 /* OnboardingPage.swift */ = {isa = PBXFileReference; lastKnownFileType = sourcecode.swift; path = OnboardingPage.swift; sourceTree = "<group>"; };
		0D6FEA8B2E10314B00493E20 /* OnboardingPageController.swift */ = {isa = PBXFileReference; lastKnownFileType = sourcecode.swift; path = OnboardingPageController.swift; sourceTree = "<group>"; };
		0D8920F42DEF6A63008EBD61 /* CategoryHeaderView.swift */ = {isa = PBXFileReference; lastKnownFileType = sourcecode.swift; path = CategoryHeaderView.swift; sourceTree = "<group>"; };
		0D8EFADA2DDE51FC00B3CB23 /* StatisticsViewController.swift */ = {isa = PBXFileReference; lastKnownFileType = sourcecode.swift; path = StatisticsViewController.swift; sourceTree = "<group>"; };
		0D93BA172DFD94C90049BB05 /* TrackerDataModel.xcdatamodel */ = {isa = PBXFileReference; lastKnownFileType = wrapper.xcdatamodel; path = TrackerDataModel.xcdatamodel; sourceTree = "<group>"; };
		0D93BA5E2E00882A0049BB05 /* TrackerStore.swift */ = {isa = PBXFileReference; lastKnownFileType = sourcecode.swift; path = TrackerStore.swift; sourceTree = "<group>"; };
		0D93BA602E0088440049BB05 /* TrackerCategoryStore.swift */ = {isa = PBXFileReference; lastKnownFileType = sourcecode.swift; path = TrackerCategoryStore.swift; sourceTree = "<group>"; };
		0D93BA622E0088840049BB05 /* TrackerRecordStore.swift */ = {isa = PBXFileReference; lastKnownFileType = sourcecode.swift; path = TrackerRecordStore.swift; sourceTree = "<group>"; };
		0D9C99982DDCFF4F00DF2CF3 /* Tracker.app */ = {isa = PBXFileReference; explicitFileType = wrapper.application; includeInIndex = 0; path = Tracker.app; sourceTree = BUILT_PRODUCTS_DIR; };
		0D9C999B2DDCFF4F00DF2CF3 /* AppDelegate.swift */ = {isa = PBXFileReference; lastKnownFileType = sourcecode.swift; path = AppDelegate.swift; sourceTree = "<group>"; };
		0D9C999D2DDCFF4F00DF2CF3 /* SceneDelegate.swift */ = {isa = PBXFileReference; lastKnownFileType = sourcecode.swift; path = SceneDelegate.swift; sourceTree = "<group>"; };
		0D9C99A42DDCFF5500DF2CF3 /* Assets.xcassets */ = {isa = PBXFileReference; lastKnownFileType = folder.assetcatalog; path = Assets.xcassets; sourceTree = "<group>"; };
		0D9C99A72DDCFF5500DF2CF3 /* Base */ = {isa = PBXFileReference; lastKnownFileType = file.storyboard; name = Base; path = Base.lproj/LaunchScreen.storyboard; sourceTree = "<group>"; };
		0D9C99A92DDCFF5500DF2CF3 /* Info.plist */ = {isa = PBXFileReference; lastKnownFileType = text.plist.xml; path = Info.plist; sourceTree = "<group>"; };
		0D9C99AF2DDE467100DF2CF3 /* Extension UIColor.swift */ = {isa = PBXFileReference; lastKnownFileType = sourcecode.swift; path = "Extension UIColor.swift"; sourceTree = "<group>"; };
		0DAF63BD2DEF845C00D1C7EA /* TrackerTypeSelectionViewController.swift */ = {isa = PBXFileReference; lastKnownFileType = sourcecode.swift; path = TrackerTypeSelectionViewController.swift; sourceTree = "<group>"; };
		0DAF63BF2DF0A54B00D1C7EA /* CreateHabitViewController.swift */ = {isa = PBXFileReference; lastKnownFileType = sourcecode.swift; path = CreateHabitViewController.swift; sourceTree = "<group>"; };
		0DAF63C12DF1E4C600D1C7EA /* ScheduleViewController.swift */ = {isa = PBXFileReference; lastKnownFileType = sourcecode.swift; path = ScheduleViewController.swift; sourceTree = "<group>"; };
		0DAF63C32DF359C300D1C7EA /* ScheduleViewCell.swift */ = {isa = PBXFileReference; lastKnownFileType = sourcecode.swift; path = ScheduleViewCell.swift; sourceTree = "<group>"; };
		0DAF63CB2DF4A25100D1C7EA /* CreateHabitViewCollectionCell.swift */ = {isa = PBXFileReference; lastKnownFileType = sourcecode.swift; path = CreateHabitViewCollectionCell.swift; sourceTree = "<group>"; };
		0DAF63CD2DF5A83100D1C7EA /* IrregularEventViewController.swift */ = {isa = PBXFileReference; lastKnownFileType = sourcecode.swift; path = IrregularEventViewController.swift; sourceTree = "<group>"; };
		0DBEA3862DF76A9500F18614 /* HeaderReusableView.swift */ = {isa = PBXFileReference; lastKnownFileType = sourcecode.swift; path = HeaderReusableView.swift; sourceTree = "<group>"; };
		0DBEA38E2DF8AEBA00F18614 /* ColorCollectionCell.swift */ = {isa = PBXFileReference; lastKnownFileType = sourcecode.swift; path = ColorCollectionCell.swift; sourceTree = "<group>"; };
		0DC3FDA92E22CC74005E3D67 /* TrackerTests.xctest */ = {isa = PBXFileReference; explicitFileType = wrapper.cfbundle; includeInIndex = 0; path = TrackerTests.xctest; sourceTree = BUILT_PRODUCTS_DIR; };
		0DC3FDAB2E22CC74005E3D67 /* TrackerTests.swift */ = {isa = PBXFileReference; lastKnownFileType = sourcecode.swift; path = TrackerTests.swift; sourceTree = "<group>"; };
		0DC3FDB52E23C05F005E3D67 /* Colors.swift */ = {isa = PBXFileReference; lastKnownFileType = sourcecode.swift; path = Colors.swift; sourceTree = "<group>"; };
		0DC3FDB82E2562D8005E3D67 /* FilterViewController.swift */ = {isa = PBXFileReference; lastKnownFileType = sourcecode.swift; path = FilterViewController.swift; sourceTree = "<group>"; };
		0DC3FDBA2E256666005E3D67 /* TrackerFilter.swift */ = {isa = PBXFileReference; lastKnownFileType = sourcecode.swift; path = TrackerFilter.swift; sourceTree = "<group>"; };
		0DC3FDBC2E25698C005E3D67 /* FilterCell.swift */ = {isa = PBXFileReference; lastKnownFileType = sourcecode.swift; path = FilterCell.swift; sourceTree = "<group>"; };
		0DC3FDBF2E2586AD005E3D67 /* en */ = {isa = PBXFileReference; lastKnownFileType = text.plist.strings; name = en; path = en.lproj/Localizable.strings; sourceTree = "<group>"; };
		0DC3FDC12E2586B4005E3D67 /* ru */ = {isa = PBXFileReference; lastKnownFileType = text.plist.strings; name = ru; path = ru.lproj/Localizable.strings; sourceTree = "<group>"; };
		0DC3FDC22E258719005E3D67 /* en */ = {isa = PBXFileReference; lastKnownFileType = text.plist.stringsdict; name = en; path = en.lproj/Localizable.stringsdict; sourceTree = "<group>"; };
		0DC3FDC32E26B3EC005E3D67 /* StatsService.swift */ = {isa = PBXFileReference; lastKnownFileType = sourcecode.swift; path = StatsService.swift; sourceTree = "<group>"; };
		0DC3FDC52E26B415005E3D67 /* StatItem.swift */ = {isa = PBXFileReference; lastKnownFileType = sourcecode.swift; path = StatItem.swift; sourceTree = "<group>"; };
		0DC3FDC72E26B6D2005E3D67 /* StatCell.swift */ = {isa = PBXFileReference; lastKnownFileType = sourcecode.swift; path = StatCell.swift; sourceTree = "<group>"; };
		0DC3FDCA2E26D03F005E3D67 /* AppMetricaLogger.swift */ = {isa = PBXFileReference; lastKnownFileType = sourcecode.swift; path = AppMetricaLogger.swift; sourceTree = "<group>"; };
		0DC7546E2DEC5A550009C845 /* TrackersCollectionViewCell.swift */ = {isa = PBXFileReference; lastKnownFileType = sourcecode.swift; path = TrackersCollectionViewCell.swift; sourceTree = "<group>"; };
		0DECAA472E1C42D60091E45E /* ru */ = {isa = PBXFileReference; lastKnownFileType = text.plist.stringsdict; name = ru; path = ru.lproj/Localizable.stringsdict; sourceTree = "<group>"; };
		0DEF87442E05EA9400C815D2 /* TrackerCategoryCoreData+Extension.swift */ = {isa = PBXFileReference; lastKnownFileType = sourcecode.swift; path = "TrackerCategoryCoreData+Extension.swift"; sourceTree = "<group>"; };
		0DEF87462E05EAB900C815D2 /* TrackerCoreData+Extension.swift */ = {isa = PBXFileReference; lastKnownFileType = sourcecode.swift; path = "TrackerCoreData+Extension.swift"; sourceTree = "<group>"; };
		0DEF87482E05EB2D00C815D2 /* TrackerRecordCoreData+Extension.swift */ = {isa = PBXFileReference; lastKnownFileType = sourcecode.swift; path = "TrackerRecordCoreData+Extension.swift"; sourceTree = "<group>"; };
		0DEF874A2E05EBB000C815D2 /* UIColorMarshalling.swift */ = {isa = PBXFileReference; lastKnownFileType = sourcecode.swift; path = UIColorMarshalling.swift; sourceTree = "<group>"; };
		0DF51EA12DE61776001C5745 /* TrackersViewController.swift */ = {isa = PBXFileReference; fileEncoding = 4; lastKnownFileType = sourcecode.swift; path = TrackersViewController.swift; sourceTree = "<group>"; };
		0DF51EA22DE61776001C5745 /* TrackerRecord.swift */ = {isa = PBXFileReference; fileEncoding = 4; lastKnownFileType = sourcecode.swift; path = TrackerRecord.swift; sourceTree = "<group>"; };
		0DF51EA32DE61776001C5745 /* Tracker.swift */ = {isa = PBXFileReference; fileEncoding = 4; lastKnownFileType = sourcecode.swift; path = Tracker.swift; sourceTree = "<group>"; };
		0DF51EA42DE61776001C5745 /* TrackerCategory.swift */ = {isa = PBXFileReference; fileEncoding = 4; lastKnownFileType = sourcecode.swift; path = TrackerCategory.swift; sourceTree = "<group>"; };
		29F92CEF1DB7FD82F80EAF7D /* Pods_Tracker.framework */ = {isa = PBXFileReference; explicitFileType = wrapper.framework; includeInIndex = 0; path = Pods_Tracker.framework; sourceTree = BUILT_PRODUCTS_DIR; };
		3426E275700061DF9B9D0D9B /* Pods-Tracker.debug.xcconfig */ = {isa = PBXFileReference; includeInIndex = 1; lastKnownFileType = text.xcconfig; name = "Pods-Tracker.debug.xcconfig"; path = "Target Support Files/Pods-Tracker/Pods-Tracker.debug.xcconfig"; sourceTree = "<group>"; };
		6339BF969353C7C607179359 /* Pods-Tracker.release.xcconfig */ = {isa = PBXFileReference; includeInIndex = 1; lastKnownFileType = text.xcconfig; name = "Pods-Tracker.release.xcconfig"; path = "Target Support Files/Pods-Tracker/Pods-Tracker.release.xcconfig"; sourceTree = "<group>"; };
		8EB7B15AC2110D746267D7D2 /* Pods-TrackerTests.release.xcconfig */ = {isa = PBXFileReference; includeInIndex = 1; lastKnownFileType = text.xcconfig; name = "Pods-TrackerTests.release.xcconfig"; path = "Target Support Files/Pods-TrackerTests/Pods-TrackerTests.release.xcconfig"; sourceTree = "<group>"; };
		C374D82743AED51AA1012CC5 /* Pods_TrackerTests.framework */ = {isa = PBXFileReference; explicitFileType = wrapper.framework; includeInIndex = 0; path = Pods_TrackerTests.framework; sourceTree = BUILT_PRODUCTS_DIR; };
		E32B6F5366D0BCD62A4A2ED8 /* Pods-TrackerTests.debug.xcconfig */ = {isa = PBXFileReference; includeInIndex = 1; lastKnownFileType = text.xcconfig; name = "Pods-TrackerTests.debug.xcconfig"; path = "Target Support Files/Pods-TrackerTests/Pods-TrackerTests.debug.xcconfig"; sourceTree = "<group>"; };
/* End PBXFileReference section */

/* Begin PBXFrameworksBuildPhase section */
		0D9C99952DDCFF4F00DF2CF3 /* Frameworks */ = {
			isa = PBXFrameworksBuildPhase;
			buildActionMask = 2147483647;
			files = (
				0D8EFAE02DDF7A4A00B3CB23 /* SnapKit in Frameworks */,
				EE64BD6AD5706CF31892B478 /* Pods_Tracker.framework in Frameworks */,
			);
			runOnlyForDeploymentPostprocessing = 0;
		};
		0DC3FDA62E22CC74005E3D67 /* Frameworks */ = {
			isa = PBXFrameworksBuildPhase;
			buildActionMask = 2147483647;
			files = (
				0DC3FDB42E22CDCA005E3D67 /* SnapshotTesting in Frameworks */,
				1F95A120D4E03AFD5FD853DB /* Pods_TrackerTests.framework in Frameworks */,
			);
			runOnlyForDeploymentPostprocessing = 0;
		};
/* End PBXFrameworksBuildPhase section */

/* Begin PBXGroup section */
		0D6FEA882E102F3000493E20 /* Onboarding */ = {
			isa = PBXGroup;
			children = (
				0D6FEA862E1012BF00493E20 /* OnboardingViewController.swift */,
				0D6FEA892E102FB700493E20 /* OnboardingPage.swift */,
				0D6FEA8B2E10314B00493E20 /* OnboardingPageController.swift */,
			);
			path = Onboarding;
			sourceTree = "<group>";
		};
		0D804B8A2E1D8F870076832C /* Resources */ = {
			isa = PBXGroup;
			children = (
				0DECAA482E1C42D60091E45E /* Localizable.stringsdict */,
				0DC3FDC02E2586AD005E3D67 /* Localizable.strings */,
			);
			path = Resources;
			sourceTree = "<group>";
		};
		0D804B8D2E1D98FC0076832C /* CategoriesVC */ = {
			isa = PBXGroup;
			children = (
				0D5419222E158CDF0017E276 /* AddCategoriesViewController.swift */,
				0D5419212E158CDF0017E276 /* CategoriesViewController.swift */,
				0D5419252E15A81C0017E276 /* CategoryCell.swift */,
				0D5419272E15B57C0017E276 /* CategoriesViewModel.swift */,
			);
			path = CategoriesVC;
			sourceTree = "<group>";
		};
		0D93BA5D2E0088000049BB05 /* CoreData */ = {
			isa = PBXGroup;
			children = (
				0D93BA162DFD94C90049BB05 /* TrackerDataModel.xcdatamodeld */,
				0D93BA5E2E00882A0049BB05 /* TrackerStore.swift */,
				0D93BA602E0088440049BB05 /* TrackerCategoryStore.swift */,
				0D93BA622E0088840049BB05 /* TrackerRecordStore.swift */,
				0DEF87442E05EA9400C815D2 /* TrackerCategoryCoreData+Extension.swift */,
				0DEF87462E05EAB900C815D2 /* TrackerCoreData+Extension.swift */,
				0DEF87482E05EB2D00C815D2 /* TrackerRecordCoreData+Extension.swift */,
			);
			path = CoreData;
			sourceTree = "<group>";
		};
		0D9C998F2DDCFF4F00DF2CF3 = {
			isa = PBXGroup;
			children = (
				0D9C999A2DDCFF4F00DF2CF3 /* Tracker */,
				0DC3FDAA2E22CC74005E3D67 /* TrackerTests */,
				0D9C99992DDCFF4F00DF2CF3 /* Products */,
				7BF33DD403FC16D51EADFFB7 /* Pods */,
				A7DD29CBFB091900AB61851F /* Frameworks */,
			);
			sourceTree = "<group>";
		};
		0D9C99992DDCFF4F00DF2CF3 /* Products */ = {
			isa = PBXGroup;
			children = (
				0D9C99982DDCFF4F00DF2CF3 /* Tracker.app */,
				0DC3FDA92E22CC74005E3D67 /* TrackerTests.xctest */,
			);
			name = Products;
			sourceTree = "<group>";
		};
		0D9C999A2DDCFF4F00DF2CF3 /* Tracker */ = {
			isa = PBXGroup;
			children = (
				0D9C99AF2DDE467100DF2CF3 /* Extension UIColor.swift */,
				0D9C999B2DDCFF4F00DF2CF3 /* AppDelegate.swift */,
				0D9C999D2DDCFF4F00DF2CF3 /* SceneDelegate.swift */,
				0DEF874A2E05EBB000C815D2 /* UIColorMarshalling.swift */,
				0DC3FDB52E23C05F005E3D67 /* Colors.swift */,
				0D93BA5D2E0088000049BB05 /* CoreData */,
				0DAF63CA2DF47FED00D1C7EA /* StatisticScreen */,
				0DAF63C82DF4774100D1C7EA /* Models */,
				0DAF63C92DF47FA400D1C7EA /* ScheduleScreen */,
				0DAF63C72DF476EB00D1C7EA /* CreateHabit */,
				0DAF63CF2DF5A84300D1C7EA /* IrregularEventViewController */,
				0DAF63C62DF476C900D1C7EA /* TrackerTypeSelection */,
				0DAF63C52DF4768D00D1C7EA /* TrackerList */,
				0D6FEA882E102F3000493E20 /* Onboarding */,
				0D804B8D2E1D98FC0076832C /* CategoriesVC */,
				0D9C99A42DDCFF5500DF2CF3 /* Assets.xcassets */,
				0D9C99A62DDCFF5500DF2CF3 /* LaunchScreen.storyboard */,
				0D9C99A92DDCFF5500DF2CF3 /* Info.plist */,
				0D804B8A2E1D8F870076832C /* Resources */,
				0DC3FDCA2E26D03F005E3D67 /* AppMetricaLogger.swift */,
			);
			path = Tracker;
			sourceTree = "<group>";
		};
		0DAF63C52DF4768D00D1C7EA /* TrackerList */ = {
			isa = PBXGroup;
			children = (
				0DF51EA12DE61776001C5745 /* TrackersViewController.swift */,
				0DC7546E2DEC5A550009C845 /* TrackersCollectionViewCell.swift */,
				0D8920F42DEF6A63008EBD61 /* CategoryHeaderView.swift */,
				0DC3FDB72E25626B005E3D67 /* FilterVc */,
			);
			path = TrackerList;
			sourceTree = "<group>";
		};
		0DAF63C62DF476C900D1C7EA /* TrackerTypeSelection */ = {
			isa = PBXGroup;
			children = (
				0DAF63BD2DEF845C00D1C7EA /* TrackerTypeSelectionViewController.swift */,
			);
			path = TrackerTypeSelection;
			sourceTree = "<group>";
		};
		0DAF63C72DF476EB00D1C7EA /* CreateHabit */ = {
			isa = PBXGroup;
			children = (
				0DAF63BF2DF0A54B00D1C7EA /* CreateHabitViewController.swift */,
				0DAF63CB2DF4A25100D1C7EA /* CreateHabitViewCollectionCell.swift */,
				0DBEA3862DF76A9500F18614 /* HeaderReusableView.swift */,
				0DBEA38E2DF8AEBA00F18614 /* ColorCollectionCell.swift */,
			);
			path = CreateHabit;
			sourceTree = "<group>";
		};
		0DAF63C82DF4774100D1C7EA /* Models */ = {
			isa = PBXGroup;
			children = (
				0DF51EA22DE61776001C5745 /* TrackerRecord.swift */,
				0DF51EA32DE61776001C5745 /* Tracker.swift */,
				0DF51EA42DE61776001C5745 /* TrackerCategory.swift */,
			);
			path = Models;
			sourceTree = "<group>";
		};
		0DAF63C92DF47FA400D1C7EA /* ScheduleScreen */ = {
			isa = PBXGroup;
			children = (
				0DAF63C12DF1E4C600D1C7EA /* ScheduleViewController.swift */,
				0DAF63C32DF359C300D1C7EA /* ScheduleViewCell.swift */,
			);
			path = ScheduleScreen;
			sourceTree = "<group>";
		};
		0DAF63CA2DF47FED00D1C7EA /* StatisticScreen */ = {
			isa = PBXGroup;
			children = (
				0D8EFADA2DDE51FC00B3CB23 /* StatisticsViewController.swift */,
				0DC3FDC32E26B3EC005E3D67 /* StatsService.swift */,
				0DC3FDC52E26B415005E3D67 /* StatItem.swift */,
				0DC3FDC72E26B6D2005E3D67 /* StatCell.swift */,
			);
			path = StatisticScreen;
			sourceTree = "<group>";
		};
		0DAF63CF2DF5A84300D1C7EA /* IrregularEventViewController */ = {
			isa = PBXGroup;
			children = (
				0DAF63CD2DF5A83100D1C7EA /* IrregularEventViewController.swift */,
			);
			path = IrregularEventViewController;
			sourceTree = "<group>";
		};
		0DC3FDAA2E22CC74005E3D67 /* TrackerTests */ = {
			isa = PBXGroup;
			children = (
				0DC3FDAB2E22CC74005E3D67 /* TrackerTests.swift */,
			);
			path = TrackerTests;
			sourceTree = "<group>";
		};
		0DC3FDB72E25626B005E3D67 /* FilterVc */ = {
			isa = PBXGroup;
			children = (
				0DC3FDB82E2562D8005E3D67 /* FilterViewController.swift */,
				0DC3FDBC2E25698C005E3D67 /* FilterCell.swift */,
				0DC3FDBA2E256666005E3D67 /* TrackerFilter.swift */,
			);
			path = FilterVc;
			sourceTree = "<group>";
		};
		7BF33DD403FC16D51EADFFB7 /* Pods */ = {
			isa = PBXGroup;
			children = (
				3426E275700061DF9B9D0D9B /* Pods-Tracker.debug.xcconfig */,
				6339BF969353C7C607179359 /* Pods-Tracker.release.xcconfig */,
				E32B6F5366D0BCD62A4A2ED8 /* Pods-TrackerTests.debug.xcconfig */,
				8EB7B15AC2110D746267D7D2 /* Pods-TrackerTests.release.xcconfig */,
			);
			path = Pods;
			sourceTree = "<group>";
		};
		A7DD29CBFB091900AB61851F /* Frameworks */ = {
			isa = PBXGroup;
			children = (
				29F92CEF1DB7FD82F80EAF7D /* Pods_Tracker.framework */,
				C374D82743AED51AA1012CC5 /* Pods_TrackerTests.framework */,
			);
			name = Frameworks;
			sourceTree = "<group>";
		};
/* End PBXGroup section */

/* Begin PBXNativeTarget section */
		0D9C99972DDCFF4F00DF2CF3 /* Tracker */ = {
			isa = PBXNativeTarget;
			buildConfigurationList = 0D9C99AC2DDCFF5500DF2CF3 /* Build configuration list for PBXNativeTarget "Tracker" */;
			buildPhases = (
				7404E45A8C69E03E07316D02 /* [CP] Check Pods Manifest.lock */,
				0D9C99942DDCFF4F00DF2CF3 /* Sources */,
				0D9C99952DDCFF4F00DF2CF3 /* Frameworks */,
				0D9C99962DDCFF4F00DF2CF3 /* Resources */,
				78F9BFCA74ECEA1421D789A1 /* [CP] Embed Pods Frameworks */,
			);
			buildRules = (
			);
			dependencies = (
			);
			name = Tracker;
			packageProductDependencies = (
				0D8EFADF2DDF7A4A00B3CB23 /* SnapKit */,
			);
			productName = Tracker;
			productReference = 0D9C99982DDCFF4F00DF2CF3 /* Tracker.app */;
			productType = "com.apple.product-type.application";
		};
		0DC3FDA82E22CC74005E3D67 /* TrackerTests */ = {
			isa = PBXNativeTarget;
			buildConfigurationList = 0DC3FDB12E22CC74005E3D67 /* Build configuration list for PBXNativeTarget "TrackerTests" */;
			buildPhases = (
				32712E6E1530CAD53FE72FBF /* [CP] Check Pods Manifest.lock */,
				0DC3FDA52E22CC74005E3D67 /* Sources */,
				0DC3FDA62E22CC74005E3D67 /* Frameworks */,
				0DC3FDA72E22CC74005E3D67 /* Resources */,
			);
			buildRules = (
			);
			dependencies = (
				0DC3FDAE2E22CC74005E3D67 /* PBXTargetDependency */,
			);
			name = TrackerTests;
			packageProductDependencies = (
				0DC3FDB32E22CDCA005E3D67 /* SnapshotTesting */,
			);
			productName = TrackerTests;
			productReference = 0DC3FDA92E22CC74005E3D67 /* TrackerTests.xctest */;
			productType = "com.apple.product-type.bundle.unit-test";
		};
/* End PBXNativeTarget section */

/* Begin PBXProject section */
		0D9C99902DDCFF4F00DF2CF3 /* Project object */ = {
			isa = PBXProject;
			attributes = {
				BuildIndependentTargetsInParallel = 1;
				LastSwiftUpdateCheck = 1300;
				LastUpgradeCheck = 1300;
				TargetAttributes = {
					0D9C99972DDCFF4F00DF2CF3 = {
						CreatedOnToolsVersion = 13.0;
					};
					0DC3FDA82E22CC74005E3D67 = {
						CreatedOnToolsVersion = 13.0;
						TestTargetID = 0D9C99972DDCFF4F00DF2CF3;
					};
				};
			};
			buildConfigurationList = 0D9C99932DDCFF4F00DF2CF3 /* Build configuration list for PBXProject "Tracker" */;
			compatibilityVersion = "Xcode 13.0";
			developmentRegion = en;
			hasScannedForEncodings = 0;
			knownRegions = (
				en,
				Base,
				ru,
			);
			mainGroup = 0D9C998F2DDCFF4F00DF2CF3;
			packageReferences = (
				0D8EFADE2DDF7A4A00B3CB23 /* XCRemoteSwiftPackageReference "SnapKit" */,
				0DC3FDB22E22CDCA005E3D67 /* XCRemoteSwiftPackageReference "swift-snapshot-testing" */,
			);
			productRefGroup = 0D9C99992DDCFF4F00DF2CF3 /* Products */;
			projectDirPath = "";
			projectRoot = "";
			targets = (
				0D9C99972DDCFF4F00DF2CF3 /* Tracker */,
				0DC3FDA82E22CC74005E3D67 /* TrackerTests */,
			);
		};
/* End PBXProject section */

/* Begin PBXResourcesBuildPhase section */
		0D9C99962DDCFF4F00DF2CF3 /* Resources */ = {
			isa = PBXResourcesBuildPhase;
			buildActionMask = 2147483647;
			files = (
				0D9C99A82DDCFF5500DF2CF3 /* LaunchScreen.storyboard in Resources */,
				0DC3FDBE2E2586AD005E3D67 /* Localizable.strings in Resources */,
				0D9C99A52DDCFF5500DF2CF3 /* Assets.xcassets in Resources */,
				0DECAA462E1C42D60091E45E /* Localizable.stringsdict in Resources */,
			);
			runOnlyForDeploymentPostprocessing = 0;
		};
		0DC3FDA72E22CC74005E3D67 /* Resources */ = {
			isa = PBXResourcesBuildPhase;
			buildActionMask = 2147483647;
			files = (
			);
			runOnlyForDeploymentPostprocessing = 0;
		};
/* End PBXResourcesBuildPhase section */

/* Begin PBXShellScriptBuildPhase section */
		32712E6E1530CAD53FE72FBF /* [CP] Check Pods Manifest.lock */ = {
			isa = PBXShellScriptBuildPhase;
			buildActionMask = 2147483647;
			files = (
			);
			inputFileListPaths = (
			);
			inputPaths = (
				"${PODS_PODFILE_DIR_PATH}/Podfile.lock",
				"${PODS_ROOT}/Manifest.lock",
			);
			name = "[CP] Check Pods Manifest.lock";
			outputFileListPaths = (
			);
			outputPaths = (
				"$(DERIVED_FILE_DIR)/Pods-TrackerTests-checkManifestLockResult.txt",
			);
			runOnlyForDeploymentPostprocessing = 0;
			shellPath = /bin/sh;
			shellScript = "diff \"${PODS_PODFILE_DIR_PATH}/Podfile.lock\" \"${PODS_ROOT}/Manifest.lock\" > /dev/null\nif [ $? != 0 ] ; then\n    # print error to STDERR\n    echo \"error: The sandbox is not in sync with the Podfile.lock. Run 'pod install' or update your CocoaPods installation.\" >&2\n    exit 1\nfi\n# This output is used by Xcode 'outputs' to avoid re-running this script phase.\necho \"SUCCESS\" > \"${SCRIPT_OUTPUT_FILE_0}\"\n";
			showEnvVarsInLog = 0;
		};
		7404E45A8C69E03E07316D02 /* [CP] Check Pods Manifest.lock */ = {
			isa = PBXShellScriptBuildPhase;
			buildActionMask = 2147483647;
			files = (
			);
			inputFileListPaths = (
			);
			inputPaths = (
				"${PODS_PODFILE_DIR_PATH}/Podfile.lock",
				"${PODS_ROOT}/Manifest.lock",
			);
			name = "[CP] Check Pods Manifest.lock";
			outputFileListPaths = (
			);
			outputPaths = (
				"$(DERIVED_FILE_DIR)/Pods-Tracker-checkManifestLockResult.txt",
			);
			runOnlyForDeploymentPostprocessing = 0;
			shellPath = /bin/sh;
			shellScript = "diff \"${PODS_PODFILE_DIR_PATH}/Podfile.lock\" \"${PODS_ROOT}/Manifest.lock\" > /dev/null\nif [ $? != 0 ] ; then\n    # print error to STDERR\n    echo \"error: The sandbox is not in sync with the Podfile.lock. Run 'pod install' or update your CocoaPods installation.\" >&2\n    exit 1\nfi\n# This output is used by Xcode 'outputs' to avoid re-running this script phase.\necho \"SUCCESS\" > \"${SCRIPT_OUTPUT_FILE_0}\"\n";
			showEnvVarsInLog = 0;
		};
		78F9BFCA74ECEA1421D789A1 /* [CP] Embed Pods Frameworks */ = {
			isa = PBXShellScriptBuildPhase;
			buildActionMask = 2147483647;
			files = (
			);
			inputFileListPaths = (
				"${PODS_ROOT}/Target Support Files/Pods-Tracker/Pods-Tracker-frameworks-${CONFIGURATION}-input-files.xcfilelist",
			);
			name = "[CP] Embed Pods Frameworks";
			outputFileListPaths = (
				"${PODS_ROOT}/Target Support Files/Pods-Tracker/Pods-Tracker-frameworks-${CONFIGURATION}-output-files.xcfilelist",
			);
			runOnlyForDeploymentPostprocessing = 0;
			shellPath = /bin/sh;
			shellScript = "\"${PODS_ROOT}/Target Support Files/Pods-Tracker/Pods-Tracker-frameworks.sh\"\n";
			showEnvVarsInLog = 0;
		};
/* End PBXShellScriptBuildPhase section */

/* Begin PBXSourcesBuildPhase section */
		0D9C99942DDCFF4F00DF2CF3 /* Sources */ = {
			isa = PBXSourcesBuildPhase;
			buildActionMask = 2147483647;
			files = (
				0DF51EA82DE61777001C5745 /* TrackerCategory.swift in Sources */,
				0DC3FDC62E26B415005E3D67 /* StatItem.swift in Sources */,
				0DEF87472E05EAB900C815D2 /* TrackerCoreData+Extension.swift in Sources */,
				0D9C99B02DDE467100DF2CF3 /* Extension UIColor.swift in Sources */,
				0DC3FDB62E23C05F005E3D67 /* Colors.swift in Sources */,
				0D8EFADB2DDE51FC00B3CB23 /* StatisticsViewController.swift in Sources */,
				0D93BA182DFD94C90049BB05 /* TrackerDataModel.xcdatamodeld in Sources */,
				0DC3FDCB2E26D03F005E3D67 /* AppMetricaLogger.swift in Sources */,
				0DAF63C02DF0A54B00D1C7EA /* CreateHabitViewController.swift in Sources */,
				0DAF63C22DF1E4C600D1C7EA /* ScheduleViewController.swift in Sources */,
				0DBEA38F2DF8AEBA00F18614 /* ColorCollectionCell.swift in Sources */,
				0DF51EA62DE61776001C5745 /* TrackerRecord.swift in Sources */,
				0DF51EA72DE61777001C5745 /* Tracker.swift in Sources */,
				0D5419282E15B57C0017E276 /* CategoriesViewModel.swift in Sources */,
				0DC3FDBB2E256667005E3D67 /* TrackerFilter.swift in Sources */,
				0DAF63CE2DF5A83100D1C7EA /* IrregularEventViewController.swift in Sources */,
				0D5419262E15A81D0017E276 /* CategoryCell.swift in Sources */,
				0DC3FDB92E2562D8005E3D67 /* FilterViewController.swift in Sources */,
				0DBEA3872DF76A9500F18614 /* HeaderReusableView.swift in Sources */,
				0DAF63BE2DEF845C00D1C7EA /* TrackerTypeSelectionViewController.swift in Sources */,
				0D9C999C2DDCFF4F00DF2CF3 /* AppDelegate.swift in Sources */,
				0D5419232E158CDF0017E276 /* CategoriesViewController.swift in Sources */,
				0DAF63C42DF359C300D1C7EA /* ScheduleViewCell.swift in Sources */,
				0DC3FDC42E26B3EC005E3D67 /* StatsService.swift in Sources */,
				0DC3FDBD2E25698C005E3D67 /* FilterCell.swift in Sources */,
				0D5419242E158CDF0017E276 /* AddCategoriesViewController.swift in Sources */,
				0D93BA5F2E00882A0049BB05 /* TrackerStore.swift in Sources */,
				0D6FEA872E1012BF00493E20 /* OnboardingViewController.swift in Sources */,
				0DEF87492E05EB2D00C815D2 /* TrackerRecordCoreData+Extension.swift in Sources */,
				0D9C999E2DDCFF4F00DF2CF3 /* SceneDelegate.swift in Sources */,
				0D6FEA8A2E102FB800493E20 /* OnboardingPage.swift in Sources */,
				0DAF63CC2DF4A25100D1C7EA /* CreateHabitViewCollectionCell.swift in Sources */,
				0DC7546F2DEC5A550009C845 /* TrackersCollectionViewCell.swift in Sources */,
				0DEF874B2E05EBB000C815D2 /* UIColorMarshalling.swift in Sources */,
				0D6FEA8C2E10314B00493E20 /* OnboardingPageController.swift in Sources */,
				0DEF87452E05EA9400C815D2 /* TrackerCategoryCoreData+Extension.swift in Sources */,
				0D8920F52DEF6A63008EBD61 /* CategoryHeaderView.swift in Sources */,
				0D93BA632E0088840049BB05 /* TrackerRecordStore.swift in Sources */,
				0DC3FDC82E26B6D2005E3D67 /* StatCell.swift in Sources */,
				0DF51EA52DE61776001C5745 /* TrackersViewController.swift in Sources */,
				0D93BA612E0088440049BB05 /* TrackerCategoryStore.swift in Sources */,
			);
			runOnlyForDeploymentPostprocessing = 0;
		};
		0DC3FDA52E22CC74005E3D67 /* Sources */ = {
			isa = PBXSourcesBuildPhase;
			buildActionMask = 2147483647;
			files = (
				0DC3FDAC2E22CC74005E3D67 /* TrackerTests.swift in Sources */,
			);
			runOnlyForDeploymentPostprocessing = 0;
		};
/* End PBXSourcesBuildPhase section */

/* Begin PBXTargetDependency section */
		0DC3FDAE2E22CC74005E3D67 /* PBXTargetDependency */ = {
			isa = PBXTargetDependency;
			target = 0D9C99972DDCFF4F00DF2CF3 /* Tracker */;
			targetProxy = 0DC3FDAD2E22CC74005E3D67 /* PBXContainerItemProxy */;
		};
/* End PBXTargetDependency section */

/* Begin PBXVariantGroup section */
		0D9C99A62DDCFF5500DF2CF3 /* LaunchScreen.storyboard */ = {
			isa = PBXVariantGroup;
			children = (
				0D9C99A72DDCFF5500DF2CF3 /* Base */,
			);
			name = LaunchScreen.storyboard;
			sourceTree = "<group>";
		};
		0DC3FDC02E2586AD005E3D67 /* Localizable.strings */ = {
			isa = PBXVariantGroup;
			children = (
				0DC3FDBF2E2586AD005E3D67 /* en */,
				0DC3FDC12E2586B4005E3D67 /* ru */,
			);
			name = Localizable.strings;
			sourceTree = "<group>";
		};
		0DECAA482E1C42D60091E45E /* Localizable.stringsdict */ = {
			isa = PBXVariantGroup;
			children = (
				0DECAA472E1C42D60091E45E /* ru */,
				0DC3FDC22E258719005E3D67 /* en */,
			);
			name = Localizable.stringsdict;
			sourceTree = "<group>";
		};
/* End PBXVariantGroup section */

/* Begin XCBuildConfiguration section */
		0D9C99AA2DDCFF5500DF2CF3 /* Debug */ = {
			isa = XCBuildConfiguration;
			buildSettings = {
				ALWAYS_SEARCH_USER_PATHS = NO;
				CLANG_ANALYZER_LOCALIZABILITY_NONLOCALIZED = YES;
				CLANG_ANALYZER_NONNULL = YES;
				CLANG_ANALYZER_NUMBER_OBJECT_CONVERSION = YES_AGGRESSIVE;
				CLANG_CXX_LANGUAGE_STANDARD = "gnu++17";
				CLANG_CXX_LIBRARY = "libc++";
				CLANG_ENABLE_MODULES = YES;
				CLANG_ENABLE_OBJC_ARC = YES;
				CLANG_ENABLE_OBJC_WEAK = YES;
				CLANG_WARN_BLOCK_CAPTURE_AUTORELEASING = YES;
				CLANG_WARN_BOOL_CONVERSION = YES;
				CLANG_WARN_COMMA = YES;
				CLANG_WARN_CONSTANT_CONVERSION = YES;
				CLANG_WARN_DEPRECATED_OBJC_IMPLEMENTATIONS = YES;
				CLANG_WARN_DIRECT_OBJC_ISA_USAGE = YES_ERROR;
				CLANG_WARN_DOCUMENTATION_COMMENTS = YES;
				CLANG_WARN_EMPTY_BODY = YES;
				CLANG_WARN_ENUM_CONVERSION = YES;
				CLANG_WARN_INFINITE_RECURSION = YES;
				CLANG_WARN_INT_CONVERSION = YES;
				CLANG_WARN_NON_LITERAL_NULL_CONVERSION = YES;
				CLANG_WARN_OBJC_IMPLICIT_RETAIN_SELF = YES;
				CLANG_WARN_OBJC_LITERAL_CONVERSION = YES;
				CLANG_WARN_OBJC_ROOT_CLASS = YES_ERROR;
				CLANG_WARN_QUOTED_INCLUDE_IN_FRAMEWORK_HEADER = YES;
				CLANG_WARN_RANGE_LOOP_ANALYSIS = YES;
				CLANG_WARN_STRICT_PROTOTYPES = YES;
				CLANG_WARN_SUSPICIOUS_MOVE = YES;
				CLANG_WARN_UNGUARDED_AVAILABILITY = YES_AGGRESSIVE;
				CLANG_WARN_UNREACHABLE_CODE = YES;
				CLANG_WARN__DUPLICATE_METHOD_MATCH = YES;
				COPY_PHASE_STRIP = NO;
				DEBUG_INFORMATION_FORMAT = dwarf;
				ENABLE_STRICT_OBJC_MSGSEND = YES;
				ENABLE_TESTABILITY = YES;
				GCC_C_LANGUAGE_STANDARD = gnu11;
				GCC_DYNAMIC_NO_PIC = NO;
				GCC_NO_COMMON_BLOCKS = YES;
				GCC_OPTIMIZATION_LEVEL = 0;
				GCC_PREPROCESSOR_DEFINITIONS = (
					"DEBUG=1",
					"$(inherited)",
				);
				GCC_WARN_64_TO_32_BIT_CONVERSION = YES;
				GCC_WARN_ABOUT_RETURN_TYPE = YES_ERROR;
				GCC_WARN_UNDECLARED_SELECTOR = YES;
				GCC_WARN_UNINITIALIZED_AUTOS = YES_AGGRESSIVE;
				GCC_WARN_UNUSED_FUNCTION = YES;
				GCC_WARN_UNUSED_VARIABLE = YES;
				IPHONEOS_DEPLOYMENT_TARGET = 15.0;
				MTL_ENABLE_DEBUG_INFO = INCLUDE_SOURCE;
				MTL_FAST_MATH = YES;
				ONLY_ACTIVE_ARCH = YES;
				SDKROOT = iphoneos;
				SWIFT_ACTIVE_COMPILATION_CONDITIONS = DEBUG;
				SWIFT_OPTIMIZATION_LEVEL = "-Onone";
			};
			name = Debug;
		};
		0D9C99AB2DDCFF5500DF2CF3 /* Release */ = {
			isa = XCBuildConfiguration;
			buildSettings = {
				ALWAYS_SEARCH_USER_PATHS = NO;
				CLANG_ANALYZER_LOCALIZABILITY_NONLOCALIZED = YES;
				CLANG_ANALYZER_NONNULL = YES;
				CLANG_ANALYZER_NUMBER_OBJECT_CONVERSION = YES_AGGRESSIVE;
				CLANG_CXX_LANGUAGE_STANDARD = "gnu++17";
				CLANG_CXX_LIBRARY = "libc++";
				CLANG_ENABLE_MODULES = YES;
				CLANG_ENABLE_OBJC_ARC = YES;
				CLANG_ENABLE_OBJC_WEAK = YES;
				CLANG_WARN_BLOCK_CAPTURE_AUTORELEASING = YES;
				CLANG_WARN_BOOL_CONVERSION = YES;
				CLANG_WARN_COMMA = YES;
				CLANG_WARN_CONSTANT_CONVERSION = YES;
				CLANG_WARN_DEPRECATED_OBJC_IMPLEMENTATIONS = YES;
				CLANG_WARN_DIRECT_OBJC_ISA_USAGE = YES_ERROR;
				CLANG_WARN_DOCUMENTATION_COMMENTS = YES;
				CLANG_WARN_EMPTY_BODY = YES;
				CLANG_WARN_ENUM_CONVERSION = YES;
				CLANG_WARN_INFINITE_RECURSION = YES;
				CLANG_WARN_INT_CONVERSION = YES;
				CLANG_WARN_NON_LITERAL_NULL_CONVERSION = YES;
				CLANG_WARN_OBJC_IMPLICIT_RETAIN_SELF = YES;
				CLANG_WARN_OBJC_LITERAL_CONVERSION = YES;
				CLANG_WARN_OBJC_ROOT_CLASS = YES_ERROR;
				CLANG_WARN_QUOTED_INCLUDE_IN_FRAMEWORK_HEADER = YES;
				CLANG_WARN_RANGE_LOOP_ANALYSIS = YES;
				CLANG_WARN_STRICT_PROTOTYPES = YES;
				CLANG_WARN_SUSPICIOUS_MOVE = YES;
				CLANG_WARN_UNGUARDED_AVAILABILITY = YES_AGGRESSIVE;
				CLANG_WARN_UNREACHABLE_CODE = YES;
				CLANG_WARN__DUPLICATE_METHOD_MATCH = YES;
				COPY_PHASE_STRIP = NO;
				DEBUG_INFORMATION_FORMAT = "dwarf-with-dsym";
				ENABLE_NS_ASSERTIONS = NO;
				ENABLE_STRICT_OBJC_MSGSEND = YES;
				GCC_C_LANGUAGE_STANDARD = gnu11;
				GCC_NO_COMMON_BLOCKS = YES;
				GCC_WARN_64_TO_32_BIT_CONVERSION = YES;
				GCC_WARN_ABOUT_RETURN_TYPE = YES_ERROR;
				GCC_WARN_UNDECLARED_SELECTOR = YES;
				GCC_WARN_UNINITIALIZED_AUTOS = YES_AGGRESSIVE;
				GCC_WARN_UNUSED_FUNCTION = YES;
				GCC_WARN_UNUSED_VARIABLE = YES;
				IPHONEOS_DEPLOYMENT_TARGET = 15.0;
				MTL_ENABLE_DEBUG_INFO = NO;
				MTL_FAST_MATH = YES;
				SDKROOT = iphoneos;
				SWIFT_COMPILATION_MODE = wholemodule;
				SWIFT_OPTIMIZATION_LEVEL = "-O";
				VALIDATE_PRODUCT = YES;
			};
			name = Release;
		};
		0D9C99AD2DDCFF5500DF2CF3 /* Debug */ = {
			isa = XCBuildConfiguration;
			baseConfigurationReference = 3426E275700061DF9B9D0D9B /* Pods-Tracker.debug.xcconfig */;
			buildSettings = {
				ASSETCATALOG_COMPILER_APPICON_NAME = AppIcon;
				ASSETCATALOG_COMPILER_GLOBAL_ACCENT_COLOR_NAME = AccentColor;
				CODE_SIGN_STYLE = Automatic;
				CURRENT_PROJECT_VERSION = 1;
				DEVELOPMENT_TEAM = QCCT5RXZUT;
				GENERATE_INFOPLIST_FILE = YES;
				INFOPLIST_FILE = Tracker/Info.plist;
				INFOPLIST_KEY_UIApplicationSupportsIndirectInputEvents = YES;
				INFOPLIST_KEY_UILaunchStoryboardName = LaunchScreen;
				INFOPLIST_KEY_UISupportedInterfaceOrientations = UIInterfaceOrientationPortrait;
				INFOPLIST_KEY_UISupportedInterfaceOrientations_iPad = "UIInterfaceOrientationPortrait UIInterfaceOrientationPortraitUpsideDown UIInterfaceOrientationLandscapeLeft UIInterfaceOrientationLandscapeRight";
				INFOPLIST_KEY_UISupportedInterfaceOrientations_iPhone = "UIInterfaceOrientationPortrait UIInterfaceOrientationLandscapeLeft UIInterfaceOrientationLandscapeRight";
				IPHONEOS_DEPLOYMENT_TARGET = 13.4;
				LD_RUNPATH_SEARCH_PATHS = (
					"$(inherited)",
					"@executable_path/Frameworks",
				);
				MARKETING_VERSION = 1.0;
				PRODUCT_BUNDLE_IDENTIFIER = "ru.praktikum.Image-feed.Tracker";
				PRODUCT_NAME = "$(TARGET_NAME)";
				SWIFT_EMIT_LOC_STRINGS = YES;
				SWIFT_VERSION = 5.0;
				TARGETED_DEVICE_FAMILY = 1;
			};
			name = Debug;
		};
		0D9C99AE2DDCFF5500DF2CF3 /* Release */ = {
			isa = XCBuildConfiguration;
			baseConfigurationReference = 6339BF969353C7C607179359 /* Pods-Tracker.release.xcconfig */;
			buildSettings = {
				ASSETCATALOG_COMPILER_APPICON_NAME = AppIcon;
				ASSETCATALOG_COMPILER_GLOBAL_ACCENT_COLOR_NAME = AccentColor;
				CODE_SIGN_STYLE = Automatic;
				CURRENT_PROJECT_VERSION = 1;
				DEVELOPMENT_TEAM = QCCT5RXZUT;
				GENERATE_INFOPLIST_FILE = YES;
				INFOPLIST_FILE = Tracker/Info.plist;
				INFOPLIST_KEY_UIApplicationSupportsIndirectInputEvents = YES;
				INFOPLIST_KEY_UILaunchStoryboardName = LaunchScreen;
				INFOPLIST_KEY_UISupportedInterfaceOrientations = UIInterfaceOrientationPortrait;
				INFOPLIST_KEY_UISupportedInterfaceOrientations_iPad = "UIInterfaceOrientationPortrait UIInterfaceOrientationPortraitUpsideDown UIInterfaceOrientationLandscapeLeft UIInterfaceOrientationLandscapeRight";
				INFOPLIST_KEY_UISupportedInterfaceOrientations_iPhone = "UIInterfaceOrientationPortrait UIInterfaceOrientationLandscapeLeft UIInterfaceOrientationLandscapeRight";
				IPHONEOS_DEPLOYMENT_TARGET = 13.4;
				LD_RUNPATH_SEARCH_PATHS = (
					"$(inherited)",
					"@executable_path/Frameworks",
				);
				MARKETING_VERSION = 1.0;
				PRODUCT_BUNDLE_IDENTIFIER = "ru.praktikum.Image-feed.Tracker";
				PRODUCT_NAME = "$(TARGET_NAME)";
				SWIFT_EMIT_LOC_STRINGS = YES;
				SWIFT_VERSION = 5.0;
				TARGETED_DEVICE_FAMILY = 1;
			};
			name = Release;
		};
		0DC3FDAF2E22CC74005E3D67 /* Debug */ = {
			isa = XCBuildConfiguration;
			baseConfigurationReference = E32B6F5366D0BCD62A4A2ED8 /* Pods-TrackerTests.debug.xcconfig */;
			buildSettings = {
				BUNDLE_LOADER = "$(TEST_HOST)";
				CODE_SIGN_STYLE = Automatic;
				CURRENT_PROJECT_VERSION = 1;
				DEVELOPMENT_TEAM = QCCT5RXZUT;
				GENERATE_INFOPLIST_FILE = YES;
				LD_RUNPATH_SEARCH_PATHS = (
					"$(inherited)",
					"@executable_path/Frameworks",
					"@loader_path/Frameworks",
				);
				MARKETING_VERSION = 1.0;
				PRODUCT_BUNDLE_IDENTIFIER = "ru.praktikum.Image-feed.TrackerTests";
				PRODUCT_NAME = "$(TARGET_NAME)";
				SWIFT_EMIT_LOC_STRINGS = NO;
				SWIFT_VERSION = 5.0;
				TARGETED_DEVICE_FAMILY = "1,2";
				TEST_HOST = "$(BUILT_PRODUCTS_DIR)/Tracker.app/Tracker";
			};
			name = Debug;
		};
		0DC3FDB02E22CC74005E3D67 /* Release */ = {
			isa = XCBuildConfiguration;
			baseConfigurationReference = 8EB7B15AC2110D746267D7D2 /* Pods-TrackerTests.release.xcconfig */;
			buildSettings = {
				BUNDLE_LOADER = "$(TEST_HOST)";
				CODE_SIGN_STYLE = Automatic;
				CURRENT_PROJECT_VERSION = 1;
				DEVELOPMENT_TEAM = QCCT5RXZUT;
				GENERATE_INFOPLIST_FILE = YES;
				LD_RUNPATH_SEARCH_PATHS = (
					"$(inherited)",
					"@executable_path/Frameworks",
					"@loader_path/Frameworks",
				);
				MARKETING_VERSION = 1.0;
				PRODUCT_BUNDLE_IDENTIFIER = "ru.praktikum.Image-feed.TrackerTests";
				PRODUCT_NAME = "$(TARGET_NAME)";
				SWIFT_EMIT_LOC_STRINGS = NO;
				SWIFT_VERSION = 5.0;
				TARGETED_DEVICE_FAMILY = "1,2";
				TEST_HOST = "$(BUILT_PRODUCTS_DIR)/Tracker.app/Tracker";
			};
			name = Release;
		};
/* End XCBuildConfiguration section */

/* Begin XCConfigurationList section */
		0D9C99932DDCFF4F00DF2CF3 /* Build configuration list for PBXProject "Tracker" */ = {
			isa = XCConfigurationList;
			buildConfigurations = (
				0D9C99AA2DDCFF5500DF2CF3 /* Debug */,
				0D9C99AB2DDCFF5500DF2CF3 /* Release */,
			);
			defaultConfigurationIsVisible = 0;
			defaultConfigurationName = Release;
		};
		0D9C99AC2DDCFF5500DF2CF3 /* Build configuration list for PBXNativeTarget "Tracker" */ = {
			isa = XCConfigurationList;
			buildConfigurations = (
				0D9C99AD2DDCFF5500DF2CF3 /* Debug */,
				0D9C99AE2DDCFF5500DF2CF3 /* Release */,
			);
			defaultConfigurationIsVisible = 0;
			defaultConfigurationName = Release;
		};
		0DC3FDB12E22CC74005E3D67 /* Build configuration list for PBXNativeTarget "TrackerTests" */ = {
			isa = XCConfigurationList;
			buildConfigurations = (
				0DC3FDAF2E22CC74005E3D67 /* Debug */,
				0DC3FDB02E22CC74005E3D67 /* Release */,
			);
			defaultConfigurationIsVisible = 0;
			defaultConfigurationName = Release;
		};
/* End XCConfigurationList section */

/* Begin XCRemoteSwiftPackageReference section */
		0D8EFADE2DDF7A4A00B3CB23 /* XCRemoteSwiftPackageReference "SnapKit" */ = {
			isa = XCRemoteSwiftPackageReference;
			repositoryURL = "https://github.com/SnapKit/SnapKit.git";
			requirement = {
				kind = upToNextMajorVersion;
				minimumVersion = 5.0.0;
			};
		};
		0DC3FDB22E22CDCA005E3D67 /* XCRemoteSwiftPackageReference "swift-snapshot-testing" */ = {
			isa = XCRemoteSwiftPackageReference;
			repositoryURL = "https://github.com/pointfreeco/swift-snapshot-testing";
			requirement = {
				kind = exactVersion;
				version = 1.12.0;
			};
		};
/* End XCRemoteSwiftPackageReference section */

/* Begin XCSwiftPackageProductDependency section */
		0D8EFADF2DDF7A4A00B3CB23 /* SnapKit */ = {
			isa = XCSwiftPackageProductDependency;
			package = 0D8EFADE2DDF7A4A00B3CB23 /* XCRemoteSwiftPackageReference "SnapKit" */;
			productName = SnapKit;
		};
		0DC3FDB32E22CDCA005E3D67 /* SnapshotTesting */ = {
			isa = XCSwiftPackageProductDependency;
			package = 0DC3FDB22E22CDCA005E3D67 /* XCRemoteSwiftPackageReference "swift-snapshot-testing" */;
			productName = SnapshotTesting;
		};
/* End XCSwiftPackageProductDependency section */

/* Begin XCVersionGroup section */
		0D93BA162DFD94C90049BB05 /* TrackerDataModel.xcdatamodeld */ = {
			isa = XCVersionGroup;
			children = (
				0D93BA172DFD94C90049BB05 /* TrackerDataModel.xcdatamodel */,
			);
			currentVersion = 0D93BA172DFD94C90049BB05 /* TrackerDataModel.xcdatamodel */;
			path = TrackerDataModel.xcdatamodeld;
			sourceTree = "<group>";
			versionGroupType = wrapper.xcdatamodel;
		};
/* End XCVersionGroup section */
	};
	rootObject = 0D9C99902DDCFF4F00DF2CF3 /* Project object */;
}
